
Microsoft Visual Studio Solution File, Format Version 12.00
# Visual Studio Version 17
VisualStudioVersion = 17.5.002.0
MinimumVisualStudioVersion = 10.0.40219.1
Project("{9A19103F-16F7-4668-BE54-9A1E7A4F7556}") = "BookStore", "BookStore.csproj", "{26D0E67E-D928-4ED7-A666-2695F4B8E835}"
EndProject
Global
	GlobalSection(SolutionConfigurationPlatforms) = preSolution
		Debug|Any CPU = Debug|Any CPU
		Release|Any CPU = Release|Any CPU
	EndGlobalSection
	GlobalSection(ProjectConfigurationPlatforms) = postSolution
		{26D0E67E-D928-4ED7-A666-2695F4B8E835}.Debug|Any CPU.ActiveCfg = Debug|Any CPU
		{26D0E67E-D928-4ED7-A666-2695F4B8E835}.Debug|Any CPU.Build.0 = Debug|Any CPU
		{26D0E67E-D928-4ED7-A666-2695F4B8E835}.Release|Any CPU.ActiveCfg = Release|Any CPU
		{26D0E67E-D928-4ED7-A666-2695F4B8E835}.Release|Any CPU.Build.0 = Release|Any CPU
	EndGlobalSection
	GlobalSection(SolutionProperties) = preSolution
		HideSolutionNode = FALSE
	EndGlobalSection
	GlobalSection(ExtensibilityGlobals) = postSolution
		SolutionGuid = {80A6C903-9749-43CA-8347-DF80D1B86B90}
	EndGlobalSection
EndGlobal
